<?xml version="1.0" encoding="UTF-8"?>
<!DOCTYPE plist PUBLIC "-//Apple//DTD PLIST 1.0//EN" "http://www.apple.com/DTDs/PropertyList-1.0.dtd">
<plist version="1.0">
<dict>
	<key>archiveVersion</key>
	<string>1</string>
	<key>classes</key>
	<dict/>
	<key>objectVersion</key>
	<string>46</string>
	<key>objects</key>
	<dict>
		<key>17DD4D2E18B497F0004C62AD</key>
		<dict>
			<key>children</key>
			<array>
				<string>17DD4D4018B497F0004C62AD</string>
				<string>17DD4D5918B497F0004C62AD</string>
				<string>17DD4D3918B497F0004C62AD</string>
				<string>17DD4D3818B497F0004C62AD</string>
			</array>
			<key>indentWidth</key>
			<string>4</string>
			<key>isa</key>
			<string>PBXGroup</string>
			<key>sourceTree</key>
			<string>&lt;group&gt;</string>
			<key>tabWidth</key>
			<string>4</string>
			<key>usesTabs</key>
			<string>0</string>
		</dict>
		<key>17DD4D2F18B497F0004C62AD</key>
		<dict>
			<key>attributes</key>
			<dict>
				<key>CLASSPREFIX</key>
				<string>QTN</string>
				<key>LastUpgradeCheck</key>
				<string>0510</string>
				<key>ORGANIZATIONNAME</key>
				<string>keslcod</string>
				<key>TargetAttributes</key>
				<dict>
					<key>17DD4D3618B497F0004C62AD</key>
					<dict>
						<key>DevelopmentTeam</key>
						<string>Z7W2649PM2</string>
					</dict>
					<key>17DD4D5118B497F0004C62AD</key>
					<dict>
						<key>TestTargetID</key>
						<string>17DD4D3618B497F0004C62AD</string>
					</dict>
				</dict>
			</dict>
			<key>buildConfigurationList</key>
			<string>17DD4D3218B497F0004C62AD</string>
			<key>compatibilityVersion</key>
			<string>Xcode 3.2</string>
			<key>developmentRegion</key>
			<string>English</string>
			<key>hasScannedForEncodings</key>
			<string>0</string>
			<key>isa</key>
			<string>PBXProject</string>
			<key>knownRegions</key>
			<array>
				<string>en</string>
			</array>
			<key>mainGroup</key>
			<string>17DD4D2E18B497F0004C62AD</string>
			<key>productRefGroup</key>
			<string>17DD4D3818B497F0004C62AD</string>
			<key>projectDirPath</key>
			<string></string>
			<key>projectReferences</key>
			<array/>
			<key>projectRoot</key>
			<string></string>
			<key>targets</key>
			<array>
				<string>17DD4D3618B497F0004C62AD</string>
				<string>17DD4D5118B497F0004C62AD</string>
			</array>
		</dict>
		<key>17DD4D3218B497F0004C62AD</key>
		<dict>
			<key>buildConfigurations</key>
			<array>
				<string>17DD4D6118B497F0004C62AD</string>
				<string>17DD4D6218B497F0004C62AD</string>
			</array>
			<key>defaultConfigurationIsVisible</key>
			<string>0</string>
			<key>defaultConfigurationName</key>
			<string>Release</string>
			<key>isa</key>
			<string>XCConfigurationList</string>
		</dict>
		<key>17DD4D3318B497F0004C62AD</key>
		<dict>
			<key>buildActionMask</key>
			<string>2147483647</string>
			<key>files</key>
			<array>
				<string>17DD4D4B18B497F0004C62AD</string>
				<string>17DD4D4718B497F0004C62AD</string>
				<string>D2589BDAF96E58D3B5CC1341</string>
				<string>D25897ECBC8251D885840111</string>
				<string>D2589A22FD31A5FCDC140EB2</string>
				<string>D25898F8E72946B44F27CE86</string>
				<string>D258921B52408FAF8D314FB6</string>
			</array>
			<key>isa</key>
			<string>PBXSourcesBuildPhase</string>
			<key>runOnlyForDeploymentPostprocessing</key>
			<string>0</string>
		</dict>
		<key>17DD4D3418B497F0004C62AD</key>
		<dict>
			<key>buildActionMask</key>
			<string>2147483647</string>
			<key>files</key>
			<array>
				<string>17EAB6A718B4B0B900B79F98</string>
				<string>17DD4D3D18B497F0004C62AD</string>
				<string>17DD4D3F18B497F0004C62AD</string>
				<string>17DD4D3B18B497F0004C62AD</string>
			</array>
			<key>isa</key>
			<string>PBXFrameworksBuildPhase</string>
			<key>runOnlyForDeploymentPostprocessing</key>
			<string>0</string>
		</dict>
		<key>17DD4D3518B497F0004C62AD</key>
		<dict>
			<key>buildActionMask</key>
			<string>2147483647</string>
			<key>files</key>
			<array>
				<string>17DD4D4518B497F0004C62AD</string>
				<string>17DD4D4D18B497F0004C62AD</string>
				<string>D25890E85386EC3260CC4B41</string>
			</array>
			<key>isa</key>
			<string>PBXResourcesBuildPhase</string>
			<key>runOnlyForDeploymentPostprocessing</key>
			<string>0</string>
		</dict>
		<key>17DD4D3618B497F0004C62AD</key>
		<dict>
			<key>buildConfigurationList</key>
			<string>17DD4D6318B497F0004C62AD</string>
			<key>buildPhases</key>
			<array>
				<string>17DD4D3318B497F0004C62AD</string>
				<string>17DD4D3418B497F0004C62AD</string>
				<string>17DD4D3518B497F0004C62AD</string>
				<string>E3546E1EA73646AA9C288108</string>
			</array>
			<key>buildRules</key>
			<array/>
			<key>dependencies</key>
			<array/>
			<key>isa</key>
			<string>PBXNativeTarget</string>
			<key>name</key>
			<string>Quentin</string>
			<key>productName</key>
			<string>Quentin</string>
			<key>productReference</key>
			<string>17DD4D3718B497F0004C62AD</string>
			<key>productType</key>
			<string>com.apple.product-type.application</string>
		</dict>
		<key>17DD4D3718B497F0004C62AD</key>
		<dict>
			<key>explicitFileType</key>
			<string>wrapper.application</string>
			<key>includeInIndex</key>
			<string>0</string>
			<key>isa</key>
			<string>PBXFileReference</string>
			<key>path</key>
			<string>Quentin.app</string>
			<key>sourceTree</key>
			<string>BUILT_PRODUCTS_DIR</string>
		</dict>
		<key>17DD4D3818B497F0004C62AD</key>
		<dict>
			<key>children</key>
			<array>
				<string>17DD4D3718B497F0004C62AD</string>
				<string>17DD4D5218B497F0004C62AD</string>
			</array>
			<key>isa</key>
			<string>PBXGroup</string>
			<key>name</key>
			<string>Products</string>
			<key>sourceTree</key>
			<string>&lt;group&gt;</string>
		</dict>
		<key>17DD4D3918B497F0004C62AD</key>
		<dict>
			<key>children</key>
			<array>
				<string>17EAB6A618B4B0B900B79F98</string>
				<string>17DD4D3A18B497F0004C62AD</string>
				<string>17DD4D3C18B497F0004C62AD</string>
				<string>17DD4D3E18B497F0004C62AD</string>
				<string>17DD4D5318B497F0004C62AD</string>
			</array>
			<key>isa</key>
			<string>PBXGroup</string>
			<key>name</key>
			<string>Frameworks</string>
			<key>sourceTree</key>
			<string>&lt;group&gt;</string>
		</dict>
		<key>17DD4D3A18B497F0004C62AD</key>
		<dict>
			<key>isa</key>
			<string>PBXFileReference</string>
			<key>lastKnownFileType</key>
			<string>wrapper.framework</string>
			<key>name</key>
			<string>Foundation.framework</string>
			<key>path</key>
			<string>System/Library/Frameworks/Foundation.framework</string>
			<key>sourceTree</key>
			<string>SDKROOT</string>
		</dict>
		<key>17DD4D3B18B497F0004C62AD</key>
		<dict>
			<key>fileRef</key>
			<string>17DD4D3A18B497F0004C62AD</string>
			<key>isa</key>
			<string>PBXBuildFile</string>
		</dict>
		<key>17DD4D3C18B497F0004C62AD</key>
		<dict>
			<key>isa</key>
			<string>PBXFileReference</string>
			<key>lastKnownFileType</key>
			<string>wrapper.framework</string>
			<key>name</key>
			<string>CoreGraphics.framework</string>
			<key>path</key>
			<string>System/Library/Frameworks/CoreGraphics.framework</string>
			<key>sourceTree</key>
			<string>SDKROOT</string>
		</dict>
		<key>17DD4D3D18B497F0004C62AD</key>
		<dict>
			<key>fileRef</key>
			<string>17DD4D3C18B497F0004C62AD</string>
			<key>isa</key>
			<string>PBXBuildFile</string>
		</dict>
		<key>17DD4D3E18B497F0004C62AD</key>
		<dict>
			<key>isa</key>
			<string>PBXFileReference</string>
			<key>lastKnownFileType</key>
			<string>wrapper.framework</string>
			<key>name</key>
			<string>UIKit.framework</string>
			<key>path</key>
			<string>System/Library/Frameworks/UIKit.framework</string>
			<key>sourceTree</key>
			<string>SDKROOT</string>
		</dict>
		<key>17DD4D3F18B497F0004C62AD</key>
		<dict>
			<key>fileRef</key>
			<string>17DD4D3E18B497F0004C62AD</string>
			<key>isa</key>
			<string>PBXBuildFile</string>
		</dict>
		<key>17DD4D4018B497F0004C62AD</key>
		<dict>
			<key>children</key>
			<array>
				<string>17DD4D4918B497F0004C62AD</string>
				<string>17DD4D4A18B497F0004C62AD</string>
				<string>17DD4D4C18B497F0004C62AD</string>
				<string>17DD4D4118B497F0004C62AD</string>
				<string>D25890D10E24F85C5508D799</string>
				<string>D25895F6842474F2BCDC0BBA</string>
				<string>D2589D40821F69DEE52719D6</string>
				<string>D25898F2DFC57DECD0095518</string>
				<string>D258900CF3BB5E4F596CFD32</string>
				<string>D2589D6DDF5EE00A93A1B521</string>
				<string>D2589620304DBF8F0F1EEF87</string>
				<string>D2589079C4D80F6A98F8A799</string>
				<string>D258927437278C6B73EFEC81</string>
				<string>D2589583FBAE170A7E56FF51</string>
				<string>D2589245E8797F7283A4784D</string>
			</array>
			<key>isa</key>
			<string>PBXGroup</string>
			<key>path</key>
			<string>Quentin</string>
			<key>sourceTree</key>
			<string>&lt;group&gt;</string>
		</dict>
		<key>17DD4D4118B497F0004C62AD</key>
		<dict>
			<key>children</key>
			<array>
				<string>17DD4D4218B497F0004C62AD</string>
				<string>17DD4D4318B497F0004C62AD</string>
				<string>17DD4D4618B497F0004C62AD</string>
				<string>17DD4D4818B497F0004C62AD</string>
			</array>
			<key>isa</key>
			<string>PBXGroup</string>
			<key>name</key>
			<string>Supporting Files</string>
			<key>sourceTree</key>
			<string>&lt;group&gt;</string>
		</dict>
		<key>17DD4D4218B497F0004C62AD</key>
		<dict>
			<key>isa</key>
			<string>PBXFileReference</string>
			<key>lastKnownFileType</key>
			<string>text.plist.xml</string>
			<key>path</key>
			<string>Quentin-Info.plist</string>
			<key>sourceTree</key>
			<string>&lt;group&gt;</string>
		</dict>
		<key>17DD4D4318B497F0004C62AD</key>
		<dict>
			<key>children</key>
			<array>
				<string>17DD4D4418B497F0004C62AD</string>
			</array>
			<key>isa</key>
			<string>PBXVariantGroup</string>
			<key>name</key>
			<string>InfoPlist.strings</string>
			<key>sourceTree</key>
			<string>&lt;group&gt;</string>
		</dict>
		<key>17DD4D4418B497F0004C62AD</key>
		<dict>
			<key>isa</key>
			<string>PBXFileReference</string>
			<key>lastKnownFileType</key>
			<string>text.plist.strings</string>
			<key>name</key>
			<string>en</string>
			<key>path</key>
			<string>en.lproj/InfoPlist.strings</string>
			<key>sourceTree</key>
			<string>&lt;group&gt;</string>
		</dict>
		<key>17DD4D4518B497F0004C62AD</key>
		<dict>
			<key>fileRef</key>
			<string>17DD4D4318B497F0004C62AD</string>
			<key>isa</key>
			<string>PBXBuildFile</string>
		</dict>
		<key>17DD4D4618B497F0004C62AD</key>
		<dict>
			<key>isa</key>
			<string>PBXFileReference</string>
			<key>lastKnownFileType</key>
			<string>sourcecode.c.objc</string>
			<key>path</key>
			<string>main.m</string>
			<key>sourceTree</key>
			<string>&lt;group&gt;</string>
		</dict>
		<key>17DD4D4718B497F0004C62AD</key>
		<dict>
			<key>fileRef</key>
			<string>17DD4D4618B497F0004C62AD</string>
			<key>isa</key>
			<string>PBXBuildFile</string>
		</dict>
		<key>17DD4D4818B497F0004C62AD</key>
		<dict>
			<key>isa</key>
			<string>PBXFileReference</string>
			<key>lastKnownFileType</key>
			<string>sourcecode.c.h</string>
			<key>path</key>
			<string>Quentin-Prefix.pch</string>
			<key>sourceTree</key>
			<string>&lt;group&gt;</string>
		</dict>
		<key>17DD4D4918B497F0004C62AD</key>
		<dict>
			<key>isa</key>
			<string>PBXFileReference</string>
			<key>lastKnownFileType</key>
			<string>sourcecode.c.h</string>
			<key>path</key>
			<string>QTNAppDelegate.h</string>
			<key>sourceTree</key>
			<string>&lt;group&gt;</string>
		</dict>
		<key>17DD4D4A18B497F0004C62AD</key>
		<dict>
			<key>isa</key>
			<string>PBXFileReference</string>
			<key>lastKnownFileType</key>
			<string>sourcecode.c.objc</string>
			<key>path</key>
			<string>QTNAppDelegate.m</string>
			<key>sourceTree</key>
			<string>&lt;group&gt;</string>
		</dict>
		<key>17DD4D4B18B497F0004C62AD</key>
		<dict>
			<key>fileRef</key>
			<string>17DD4D4A18B497F0004C62AD</string>
			<key>isa</key>
			<string>PBXBuildFile</string>
		</dict>
		<key>17DD4D4C18B497F0004C62AD</key>
		<dict>
			<key>isa</key>
			<string>PBXFileReference</string>
			<key>lastKnownFileType</key>
			<string>folder.assetcatalog</string>
			<key>path</key>
			<string>Images.xcassets</string>
			<key>sourceTree</key>
			<string>&lt;group&gt;</string>
		</dict>
		<key>17DD4D4D18B497F0004C62AD</key>
		<dict>
			<key>fileRef</key>
			<string>17DD4D4C18B497F0004C62AD</string>
			<key>isa</key>
			<string>PBXBuildFile</string>
		</dict>
		<key>17DD4D4E18B497F0004C62AD</key>
		<dict>
			<key>buildActionMask</key>
			<string>2147483647</string>
			<key>files</key>
			<array>
				<string>17DD4D6018B497F0004C62AD</string>
			</array>
			<key>isa</key>
			<string>PBXSourcesBuildPhase</string>
			<key>runOnlyForDeploymentPostprocessing</key>
			<string>0</string>
		</dict>
		<key>17DD4D4F18B497F0004C62AD</key>
		<dict>
			<key>buildActionMask</key>
			<string>2147483647</string>
			<key>files</key>
			<array>
				<string>17DD4D5418B497F0004C62AD</string>
				<string>17DD4D5618B497F0004C62AD</string>
				<string>17DD4D5518B497F0004C62AD</string>
			</array>
			<key>isa</key>
			<string>PBXFrameworksBuildPhase</string>
			<key>runOnlyForDeploymentPostprocessing</key>
			<string>0</string>
		</dict>
		<key>17DD4D5018B497F0004C62AD</key>
		<dict>
			<key>buildActionMask</key>
			<string>2147483647</string>
			<key>files</key>
			<array>
				<string>17DD4D5E18B497F0004C62AD</string>
			</array>
			<key>isa</key>
			<string>PBXResourcesBuildPhase</string>
			<key>runOnlyForDeploymentPostprocessing</key>
			<string>0</string>
		</dict>
		<key>17DD4D5118B497F0004C62AD</key>
		<dict>
			<key>buildConfigurationList</key>
			<string>17DD4D6618B497F0004C62AD</string>
			<key>buildPhases</key>
			<array>
				<string>17DD4D4E18B497F0004C62AD</string>
				<string>17DD4D4F18B497F0004C62AD</string>
				<string>17DD4D5018B497F0004C62AD</string>
			</array>
			<key>buildRules</key>
			<array/>
			<key>dependencies</key>
			<array>
				<string>17DD4D5818B497F0004C62AD</string>
			</array>
			<key>isa</key>
			<string>PBXNativeTarget</string>
			<key>name</key>
			<string>QuentinTests</string>
			<key>productName</key>
			<string>QuentinTests</string>
			<key>productReference</key>
			<string>17DD4D5218B497F0004C62AD</string>
			<key>productType</key>
			<string>com.apple.product-type.bundle.unit-test</string>
		</dict>
		<key>17DD4D5218B497F0004C62AD</key>
		<dict>
			<key>explicitFileType</key>
			<string>wrapper.cfbundle</string>
			<key>includeInIndex</key>
			<string>0</string>
			<key>isa</key>
			<string>PBXFileReference</string>
			<key>path</key>
			<string>QuentinTests.xctest</string>
			<key>sourceTree</key>
			<string>BUILT_PRODUCTS_DIR</string>
		</dict>
		<key>17DD4D5318B497F0004C62AD</key>
		<dict>
			<key>isa</key>
			<string>PBXFileReference</string>
			<key>lastKnownFileType</key>
			<string>wrapper.framework</string>
			<key>name</key>
			<string>XCTest.framework</string>
			<key>path</key>
			<string>Library/Frameworks/XCTest.framework</string>
			<key>sourceTree</key>
			<string>DEVELOPER_DIR</string>
		</dict>
		<key>17DD4D5418B497F0004C62AD</key>
		<dict>
			<key>fileRef</key>
			<string>17DD4D5318B497F0004C62AD</string>
			<key>isa</key>
			<string>PBXBuildFile</string>
		</dict>
		<key>17DD4D5518B497F0004C62AD</key>
		<dict>
			<key>fileRef</key>
			<string>17DD4D3A18B497F0004C62AD</string>
			<key>isa</key>
			<string>PBXBuildFile</string>
		</dict>
		<key>17DD4D5618B497F0004C62AD</key>
		<dict>
			<key>fileRef</key>
			<string>17DD4D3E18B497F0004C62AD</string>
			<key>isa</key>
			<string>PBXBuildFile</string>
		</dict>
		<key>17DD4D5718B497F0004C62AD</key>
		<dict>
			<key>containerPortal</key>
			<string>17DD4D2F18B497F0004C62AD</string>
			<key>isa</key>
			<string>PBXContainerItemProxy</string>
			<key>proxyType</key>
			<string>1</string>
			<key>remoteGlobalIDString</key>
			<string>17DD4D3618B497F0004C62AD</string>
			<key>remoteInfo</key>
			<string>Quentin</string>
		</dict>
		<key>17DD4D5818B497F0004C62AD</key>
		<dict>
			<key>isa</key>
			<string>PBXTargetDependency</string>
			<key>target</key>
			<string>17DD4D3618B497F0004C62AD</string>
			<key>targetProxy</key>
			<string>17DD4D5718B497F0004C62AD</string>
		</dict>
		<key>17DD4D5918B497F0004C62AD</key>
		<dict>
			<key>children</key>
			<array>
				<string>17DD4D5F18B497F0004C62AD</string>
				<string>17DD4D5A18B497F0004C62AD</string>
			</array>
			<key>isa</key>
			<string>PBXGroup</string>
			<key>path</key>
			<string>QuentinTests</string>
			<key>sourceTree</key>
			<string>&lt;group&gt;</string>
		</dict>
		<key>17DD4D5A18B497F0004C62AD</key>
		<dict>
			<key>children</key>
			<array>
				<string>17DD4D5B18B497F0004C62AD</string>
				<string>17DD4D5C18B497F0004C62AD</string>
			</array>
			<key>isa</key>
			<string>PBXGroup</string>
			<key>name</key>
			<string>Supporting Files</string>
			<key>sourceTree</key>
			<string>&lt;group&gt;</string>
		</dict>
		<key>17DD4D5B18B497F0004C62AD</key>
		<dict>
			<key>isa</key>
			<string>PBXFileReference</string>
			<key>lastKnownFileType</key>
			<string>text.plist.xml</string>
			<key>path</key>
			<string>QuentinTests-Info.plist</string>
			<key>sourceTree</key>
			<string>&lt;group&gt;</string>
		</dict>
		<key>17DD4D5C18B497F0004C62AD</key>
		<dict>
			<key>children</key>
			<array>
				<string>17DD4D5D18B497F0004C62AD</string>
			</array>
			<key>isa</key>
			<string>PBXVariantGroup</string>
			<key>name</key>
			<string>InfoPlist.strings</string>
			<key>sourceTree</key>
			<string>&lt;group&gt;</string>
		</dict>
		<key>17DD4D5D18B497F0004C62AD</key>
		<dict>
			<key>isa</key>
			<string>PBXFileReference</string>
			<key>lastKnownFileType</key>
			<string>text.plist.strings</string>
			<key>name</key>
			<string>en</string>
			<key>path</key>
			<string>en.lproj/InfoPlist.strings</string>
			<key>sourceTree</key>
			<string>&lt;group&gt;</string>
		</dict>
		<key>17DD4D5E18B497F0004C62AD</key>
		<dict>
			<key>fileRef</key>
			<string>17DD4D5C18B497F0004C62AD</string>
			<key>isa</key>
			<string>PBXBuildFile</string>
		</dict>
		<key>17DD4D5F18B497F0004C62AD</key>
		<dict>
			<key>isa</key>
			<string>PBXFileReference</string>
			<key>lastKnownFileType</key>
			<string>sourcecode.c.objc</string>
			<key>path</key>
			<string>QuentinTests.m</string>
			<key>sourceTree</key>
			<string>&lt;group&gt;</string>
		</dict>
		<key>17DD4D6018B497F0004C62AD</key>
		<dict>
			<key>fileRef</key>
			<string>17DD4D5F18B497F0004C62AD</string>
			<key>isa</key>
			<string>PBXBuildFile</string>
		</dict>
		<key>17DD4D6118B497F0004C62AD</key>
		<dict>
			<key>buildSettings</key>
			<dict>
				<key>ALWAYS_SEARCH_USER_PATHS</key>
				<string>NO</string>
				<key>CLANG_CXX_LANGUAGE_STANDARD</key>
				<string>gnu++0x</string>
				<key>CLANG_CXX_LIBRARY</key>
				<string>libc++</string>
				<key>CLANG_ENABLE_MODULES</key>
				<string>YES</string>
				<key>CLANG_ENABLE_OBJC_ARC</key>
				<string>YES</string>
				<key>CLANG_WARN_BOOL_CONVERSION</key>
				<string>YES</string>
				<key>CLANG_WARN_CONSTANT_CONVERSION</key>
				<string>YES</string>
				<key>CLANG_WARN_DEPRECATED_OBJC_IMPLEMENTATIONS</key>
				<string>YES</string>
				<key>CLANG_WARN_DIRECT_OBJC_ISA_USAGE</key>
				<string>YES_ERROR</string>
				<key>CLANG_WARN_EMPTY_BODY</key>
				<string>YES</string>
				<key>CLANG_WARN_ENUM_CONVERSION</key>
				<string>YES</string>
				<key>CLANG_WARN_INT_CONVERSION</key>
				<string>YES</string>
				<key>CLANG_WARN_OBJC_IMPLICIT_RETAIN_SELF</key>
				<string>YES</string>
				<key>CLANG_WARN_OBJC_ROOT_CLASS</key>
				<string>YES_ERROR</string>
				<key>CLANG_WARN__DUPLICATE_METHOD_MATCH</key>
				<string>YES</string>
				<key>COPY_PHASE_STRIP</key>
				<string>NO</string>
				<key>GCC_C_LANGUAGE_STANDARD</key>
				<string>gnu99</string>
				<key>GCC_DYNAMIC_NO_PIC</key>
				<string>NO</string>
				<key>GCC_OPTIMIZATION_LEVEL</key>
				<string>0</string>
				<key>GCC_PREPROCESSOR_DEFINITIONS</key>
				<array>
					<string>DEBUG=1</string>
					<string>$(inherited)</string>
				</array>
				<key>GCC_SYMBOLS_PRIVATE_EXTERN</key>
				<string>NO</string>
				<key>GCC_WARN_64_TO_32_BIT_CONVERSION</key>
				<string>YES</string>
				<key>GCC_WARN_ABOUT_MISSING_FIELD_INITIALIZERS</key>
				<string>YES</string>
				<key>GCC_WARN_ABOUT_MISSING_NEWLINE</key>
				<string>YES</string>
				<key>GCC_WARN_ABOUT_RETURN_TYPE</key>
				<string>YES</string>
				<key>GCC_WARN_CHECK_SWITCH_STATEMENTS</key>
				<string>YES</string>
				<key>GCC_WARN_INITIALIZER_NOT_FULLY_BRACKETED</key>
				<string>YES</string>
				<key>GCC_WARN_MISSING_PARENTHESES</key>
				<string>YES</string>
				<key>GCC_WARN_SHADOW</key>
				<string>YES</string>
				<key>GCC_WARN_SIGN_COMPARE</key>
				<string>YES</string>
				<key>GCC_WARN_TYPECHECK_CALLS_TO_PRINTF</key>
				<string>YES</string>
				<key>GCC_WARN_UNDECLARED_SELECTOR</key>
				<string>YES</string>
				<key>GCC_WARN_UNINITIALIZED_AUTOS</key>
				<string>YES</string>
				<key>GCC_WARN_UNUSED_FUNCTION</key>
				<string>YES</string>
				<key>GCC_WARN_UNUSED_LABEL</key>
				<string>YES</string>
				<key>GCC_WARN_UNUSED_VALUE</key>
				<string>YES</string>
				<key>GCC_WARN_UNUSED_VARIABLE</key>
				<string>YES</string>
				<key>IPHONEOS_DEPLOYMENT_TARGET</key>
				<string>7.0</string>
				<key>ONLY_ACTIVE_ARCH</key>
				<string>YES</string>
				<key>PROVISIONING_PROFILE</key>
				<string>C58538A3-E915-46D5-B8EB-CF1ECD8B4AD2</string>
				<key>RUN_CLANG_STATIC_ANALYZER</key>
				<string>YES</string>
				<key>SDKROOT</key>
				<string>iphoneos</string>
				<key>TARGETED_DEVICE_FAMILY</key>
				<string>1,2</string>
			</dict>
			<key>isa</key>
			<string>XCBuildConfiguration</string>
			<key>name</key>
			<string>Debug</string>
		</dict>
		<key>17DD4D6218B497F0004C62AD</key>
		<dict>
			<key>buildSettings</key>
			<dict>
				<key>ALWAYS_SEARCH_USER_PATHS</key>
				<string>NO</string>
				<key>CLANG_CXX_LANGUAGE_STANDARD</key>
				<string>gnu++0x</string>
				<key>CLANG_CXX_LIBRARY</key>
				<string>libc++</string>
				<key>CLANG_ENABLE_MODULES</key>
				<string>YES</string>
				<key>CLANG_ENABLE_OBJC_ARC</key>
				<string>YES</string>
				<key>CLANG_WARN_BOOL_CONVERSION</key>
				<string>YES</string>
				<key>CLANG_WARN_CONSTANT_CONVERSION</key>
				<string>YES</string>
				<key>CLANG_WARN_DEPRECATED_OBJC_IMPLEMENTATIONS</key>
				<string>YES</string>
				<key>CLANG_WARN_DIRECT_OBJC_ISA_USAGE</key>
				<string>YES_ERROR</string>
				<key>CLANG_WARN_EMPTY_BODY</key>
				<string>YES</string>
				<key>CLANG_WARN_ENUM_CONVERSION</key>
				<string>YES</string>
				<key>CLANG_WARN_INT_CONVERSION</key>
				<string>YES</string>
				<key>CLANG_WARN_OBJC_IMPLICIT_RETAIN_SELF</key>
				<string>YES</string>
				<key>CLANG_WARN_OBJC_ROOT_CLASS</key>
				<string>YES_ERROR</string>
				<key>CLANG_WARN__DUPLICATE_METHOD_MATCH</key>
				<string>YES</string>
				<key>COPY_PHASE_STRIP</key>
				<string>YES</string>
				<key>ENABLE_NS_ASSERTIONS</key>
				<string>NO</string>
				<key>GCC_C_LANGUAGE_STANDARD</key>
				<string>gnu99</string>
				<key>GCC_WARN_64_TO_32_BIT_CONVERSION</key>
				<string>YES</string>
				<key>GCC_WARN_ABOUT_MISSING_FIELD_INITIALIZERS</key>
				<string>YES</string>
				<key>GCC_WARN_ABOUT_MISSING_NEWLINE</key>
				<string>YES</string>
				<key>GCC_WARN_ABOUT_RETURN_TYPE</key>
				<string>YES</string>
				<key>GCC_WARN_CHECK_SWITCH_STATEMENTS</key>
				<string>YES</string>
				<key>GCC_WARN_INITIALIZER_NOT_FULLY_BRACKETED</key>
				<string>YES</string>
				<key>GCC_WARN_MISSING_PARENTHESES</key>
				<string>YES</string>
				<key>GCC_WARN_SHADOW</key>
				<string>YES</string>
				<key>GCC_WARN_SIGN_COMPARE</key>
				<string>YES</string>
				<key>GCC_WARN_TYPECHECK_CALLS_TO_PRINTF</key>
				<string>YES</string>
				<key>GCC_WARN_UNDECLARED_SELECTOR</key>
				<string>YES</string>
				<key>GCC_WARN_UNINITIALIZED_AUTOS</key>
				<string>YES</string>
				<key>GCC_WARN_UNUSED_FUNCTION</key>
				<string>YES</string>
				<key>GCC_WARN_UNUSED_LABEL</key>
				<string>YES</string>
				<key>GCC_WARN_UNUSED_VALUE</key>
				<string>YES</string>
				<key>GCC_WARN_UNUSED_VARIABLE</key>
				<string>YES</string>
				<key>IPHONEOS_DEPLOYMENT_TARGET</key>
				<string>7.0</string>
				<key>PROVISIONING_PROFILE</key>
				<string>C58538A3-E915-46D5-B8EB-CF1ECD8B4AD2</string>
				<key>RUN_CLANG_STATIC_ANALYZER</key>
				<string>YES</string>
				<key>SDKROOT</key>
				<string>iphoneos</string>
				<key>TARGETED_DEVICE_FAMILY</key>
				<string>1,2</string>
				<key>VALIDATE_PRODUCT</key>
				<string>YES</string>
			</dict>
			<key>isa</key>
			<string>XCBuildConfiguration</string>
			<key>name</key>
			<string>Release</string>
		</dict>
		<key>17DD4D6318B497F0004C62AD</key>
		<dict>
			<key>buildConfigurations</key>
			<array>
				<string>17DD4D6418B497F0004C62AD</string>
				<string>17DD4D6518B497F0004C62AD</string>
			</array>
			<key>defaultConfigurationIsVisible</key>
			<string>0</string>
			<key>defaultConfigurationName</key>
			<string>Release</string>
			<key>isa</key>
			<string>XCConfigurationList</string>
		</dict>
		<key>17DD4D6418B497F0004C62AD</key>
		<dict>
			<key>buildSettings</key>
			<dict>
				<key>ASSETCATALOG_COMPILER_APPICON_NAME</key>
				<string>AppIcon</string>
				<key>ASSETCATALOG_COMPILER_LAUNCHIMAGE_NAME</key>
				<string>LaunchImage</string>
				<key>GCC_PRECOMPILE_PREFIX_HEADER</key>
				<string>YES</string>
				<key>GCC_PREFIX_HEADER</key>
				<string>Quentin/Quentin-Prefix.pch</string>
				<key>INFOPLIST_FILE</key>
				<string>Quentin/Quentin-Info.plist</string>
				<key>PRODUCT_NAME</key>
				<string>$(TARGET_NAME)</string>
				<key>WRAPPER_EXTENSION</key>
				<string>app</string>
			</dict>
			<key>isa</key>
			<string>XCBuildConfiguration</string>
			<key>name</key>
			<string>Debug</string>
		</dict>
		<key>17DD4D6518B497F0004C62AD</key>
		<dict>
			<key>buildSettings</key>
			<dict>
				<key>ASSETCATALOG_COMPILER_APPICON_NAME</key>
				<string>AppIcon</string>
				<key>ASSETCATALOG_COMPILER_LAUNCHIMAGE_NAME</key>
				<string>LaunchImage</string>
				<key>GCC_PRECOMPILE_PREFIX_HEADER</key>
				<string>YES</string>
				<key>GCC_PREFIX_HEADER</key>
				<string>Quentin/Quentin-Prefix.pch</string>
				<key>INFOPLIST_FILE</key>
				<string>Quentin/Quentin-Info.plist</string>
				<key>PRODUCT_NAME</key>
				<string>$(TARGET_NAME)</string>
				<key>WRAPPER_EXTENSION</key>
				<string>app</string>
			</dict>
			<key>isa</key>
			<string>XCBuildConfiguration</string>
			<key>name</key>
			<string>Release</string>
		</dict>
		<key>17DD4D6618B497F0004C62AD</key>
		<dict>
			<key>buildConfigurations</key>
			<array>
				<string>17DD4D6718B497F0004C62AD</string>
				<string>17DD4D6818B497F0004C62AD</string>
			</array>
			<key>defaultConfigurationIsVisible</key>
			<string>0</string>
			<key>defaultConfigurationName</key>
			<string>Release</string>
			<key>isa</key>
			<string>XCConfigurationList</string>
		</dict>
		<key>17DD4D6718B497F0004C62AD</key>
		<dict>
			<key>buildSettings</key>
			<dict>
				<key>BUNDLE_LOADER</key>
				<string>$(BUILT_PRODUCTS_DIR)/Quentin.app/Quentin</string>
				<key>FRAMEWORK_SEARCH_PATHS</key>
				<array>
					<string>$(SDKROOT)/Developer/Library/Frameworks</string>
					<string>$(inherited)</string>
					<string>$(DEVELOPER_FRAMEWORKS_DIR)</string>
				</array>
				<key>GCC_PRECOMPILE_PREFIX_HEADER</key>
				<string>YES</string>
				<key>GCC_PREFIX_HEADER</key>
				<string>Quentin/Quentin-Prefix.pch</string>
				<key>GCC_PREPROCESSOR_DEFINITIONS</key>
				<array>
					<string>DEBUG=1</string>
					<string>$(inherited)</string>
				</array>
				<key>INFOPLIST_FILE</key>
				<string>QuentinTests/QuentinTests-Info.plist</string>
				<key>PRODUCT_NAME</key>
				<string>$(TARGET_NAME)</string>
				<key>TEST_HOST</key>
				<string>$(BUNDLE_LOADER)</string>
				<key>WRAPPER_EXTENSION</key>
				<string>xctest</string>
			</dict>
			<key>isa</key>
			<string>XCBuildConfiguration</string>
			<key>name</key>
			<string>Debug</string>
		</dict>
		<key>17DD4D6818B497F0004C62AD</key>
		<dict>
			<key>buildSettings</key>
			<dict>
				<key>BUNDLE_LOADER</key>
				<string>$(BUILT_PRODUCTS_DIR)/Quentin.app/Quentin</string>
				<key>FRAMEWORK_SEARCH_PATHS</key>
				<array>
					<string>$(SDKROOT)/Developer/Library/Frameworks</string>
					<string>$(inherited)</string>
					<string>$(DEVELOPER_FRAMEWORKS_DIR)</string>
				</array>
				<key>GCC_PRECOMPILE_PREFIX_HEADER</key>
				<string>YES</string>
				<key>GCC_PREFIX_HEADER</key>
				<string>Quentin/Quentin-Prefix.pch</string>
				<key>INFOPLIST_FILE</key>
				<string>QuentinTests/QuentinTests-Info.plist</string>
				<key>PRODUCT_NAME</key>
				<string>$(TARGET_NAME)</string>
				<key>TEST_HOST</key>
				<string>$(BUNDLE_LOADER)</string>
				<key>WRAPPER_EXTENSION</key>
				<string>xctest</string>
			</dict>
			<key>isa</key>
			<string>XCBuildConfiguration</string>
			<key>name</key>
			<string>Release</string>
		</dict>
		<key>17EAB6A618B4B0B900B79F98</key>
		<dict>
			<key>isa</key>
			<string>PBXFileReference</string>
			<key>lastKnownFileType</key>
			<string>wrapper.framework</string>
			<key>name</key>
			<string>EventKit.framework</string>
			<key>path</key>
			<string>System/Library/Frameworks/EventKit.framework</string>
			<key>sourceTree</key>
			<string>SDKROOT</string>
		</dict>
		<key>17EAB6A718B4B0B900B79F98</key>
		<dict>
			<key>fileRef</key>
			<string>17EAB6A618B4B0B900B79F98</string>
			<key>isa</key>
			<string>PBXBuildFile</string>
		</dict>
		<key>D258900CF3BB5E4F596CFD32</key>
		<dict>
			<key>fileEncoding</key>
			<string>4</string>
			<key>isa</key>
			<string>PBXFileReference</string>
			<key>lastKnownFileType</key>
			<string>sourcecode.c.objc</string>
			<key>path</key>
			<string>NSURL+QTNParameters.m</string>
			<key>sourceTree</key>
			<string>&lt;group&gt;</string>
		</dict>
		<key>D2589079C4D80F6A98F8A799</key>
		<dict>
			<key>fileEncoding</key>
			<string>4</string>
			<key>isa</key>
			<string>PBXFileReference</string>
			<key>lastKnownFileType</key>
			<string>sourcecode.c.h</string>
			<key>path</key>
			<string>QTNEntryView.h</string>
			<key>sourceTree</key>
			<string>&lt;group&gt;</string>
		</dict>
		<key>D25890D10E24F85C5508D799</key>
		<dict>
			<key>fileEncoding</key>
			<string>4</string>
			<key>isa</key>
			<string>PBXFileReference</string>
			<key>lastKnownFileType</key>
			<string>sourcecode.c.objc</string>
			<key>path</key>
			<string>QTNEntryViewController.m</string>
			<key>sourceTree</key>
			<string>&lt;group&gt;</string>
		</dict>
		<key>D25890E85386EC3260CC4B41</key>
		<dict>
			<key>fileRef</key>
			<string>D2589245E8797F7283A4784D</string>
			<key>isa</key>
			<string>PBXBuildFile</string>
		</dict>
		<key>D258921B52408FAF8D314FB6</key>
		<dict>
			<key>fileRef</key>
			<string>D258927437278C6B73EFEC81</string>
			<key>isa</key>
			<string>PBXBuildFile</string>
		</dict>
		<key>D2589245E8797F7283A4784D</key>
		<dict>
			<key>fileEncoding</key>
			<string>4</string>
			<key>isa</key>
			<string>PBXFileReference</string>
			<key>lastKnownFileType</key>
			<string>text.plist.strings</string>
			<key>path</key>
			<string>Localizable.strings</string>
			<key>sourceTree</key>
			<string>&lt;group&gt;</string>
		</dict>
		<key>D258927437278C6B73EFEC81</key>
		<dict>
			<key>fileEncoding</key>
			<string>4</string>
			<key>isa</key>
			<string>PBXFileReference</string>
			<key>lastKnownFileType</key>
			<string>sourcecode.c.objc</string>
			<key>path</key>
			<string>QTNURLKeys.m</string>
			<key>sourceTree</key>
			<string>&lt;group&gt;</string>
		</dict>
		<key>D2589583FBAE170A7E56FF51</key>
		<dict>
			<key>fileEncoding</key>
			<string>4</string>
			<key>isa</key>
			<string>PBXFileReference</string>
			<key>lastKnownFileType</key>
			<string>sourcecode.c.h</string>
			<key>path</key>
			<string>QTNURLKeys.h</string>
			<key>sourceTree</key>
			<string>&lt;group&gt;</string>
		</dict>
		<key>D25895F6842474F2BCDC0BBA</key>
		<dict>
			<key>fileEncoding</key>
			<string>4</string>
			<key>isa</key>
			<string>PBXFileReference</string>
			<key>lastKnownFileType</key>
			<string>sourcecode.c.h</string>
			<key>path</key>
			<string>QTNEntryViewController.h</string>
			<key>sourceTree</key>
			<string>&lt;group&gt;</string>
		</dict>
		<key>D2589620304DBF8F0F1EEF87</key>
		<dict>
			<key>fileEncoding</key>
			<string>4</string>
			<key>isa</key>
			<string>PBXFileReference</string>
			<key>lastKnownFileType</key>
			<string>sourcecode.c.objc</string>
			<key>path</key>
			<string>QTNEntryView.m</string>
			<key>sourceTree</key>
			<string>&lt;group&gt;</string>
		</dict>
		<key>D25897ECBC8251D885840111</key>
		<dict>
			<key>fileRef</key>
			<string>D2589D40821F69DEE52719D6</string>
			<key>isa</key>
			<string>PBXBuildFile</string>
		</dict>
		<key>D25898F2DFC57DECD0095518</key>
		<dict>
			<key>fileEncoding</key>
			<string>4</string>
			<key>isa</key>
			<string>PBXFileReference</string>
			<key>lastKnownFileType</key>
			<string>sourcecode.c.h</string>
			<key>path</key>
			<string>QTNDebugViewController.h</string>
			<key>sourceTree</key>
			<string>&lt;group&gt;</string>
		</dict>
		<key>D25898F8E72946B44F27CE86</key>
		<dict>
			<key>fileRef</key>
			<string>D2589620304DBF8F0F1EEF87</string>
			<key>isa</key>
			<string>PBXBuildFile</string>
		</dict>
		<key>D2589A22FD31A5FCDC140EB2</key>
		<dict>
			<key>fileRef</key>
			<string>D258900CF3BB5E4F596CFD32</string>
			<key>isa</key>
			<string>PBXBuildFile</string>
		</dict>
		<key>D2589BDAF96E58D3B5CC1341</key>
		<dict>
			<key>fileRef</key>
			<string>D25890D10E24F85C5508D799</string>
			<key>isa</key>
			<string>PBXBuildFile</string>
		</dict>
		<key>D2589D40821F69DEE52719D6</key>
		<dict>
			<key>fileEncoding</key>
			<string>4</string>
			<key>isa</key>
			<string>PBXFileReference</string>
			<key>lastKnownFileType</key>
			<string>sourcecode.c.objc</string>
			<key>path</key>
			<string>QTNDebugViewController.m</string>
			<key>sourceTree</key>
			<string>&lt;group&gt;</string>
		</dict>
		<key>D2589D6DDF5EE00A93A1B521</key>
		<dict>
			<key>fileEncoding</key>
			<string>4</string>
			<key>isa</key>
			<string>PBXFileReference</string>
			<key>lastKnownFileType</key>
			<string>sourcecode.c.h</string>
			<key>path</key>
			<string>NSURL+QTNParameters.h</string>
			<key>sourceTree</key>
			<string>&lt;group&gt;</string>
		</dict>
		<key>E3546E1EA73646AA9C288108</key>
		<dict>
			<key>buildActionMask</key>
			<string>2147483647</string>
			<key>files</key>
			<array/>
			<key>inputPaths</key>
			<array/>
			<key>isa</key>
			<string>PBXShellScriptBuildPhase</string>
			<key>name</key>
			<string>Warn for TODO and FIXME comments</string>
			<key>outputPaths</key>
			<array/>
			<key>runOnlyForDeploymentPostprocessing</key>
			<string>0</string>
			<key>shellPath</key>
			<string>/bin/sh</string>
			<key>shellScript</key>
			<string>KEYWORDS="TODO:|FIXME:|\?\?\?:|\!\!\!:"
FILE_EXTENSIONS="h|m|mm|c|cpp"
find -E "${SRCROOT}" -ipath "${SRCROOT}/pods" -prune -o \( -regex ".*\.($FILE_EXTENSIONS)$" \) -print0 | xargs -0 egrep --with-filename --line-number --only-matching "($KEYWORDS).*\$" | perl -p -e "s/($KEYWORDS)/ warning: \$1/"
</string>
			<key>showEnvVarsInLog</key>
			<string>1</string>
		</dict>
	</dict>
	<key>rootObject</key>
	<string>17DD4D2F18B497F0004C62AD</string>
</dict>
</plist>
